# Written by .agents/utils/harness.py sync; never edit it by hand. check
# compares the tree with it: an output that moved was edited by hand, an
# input that moved was not synced. [inputs] is also the reviewed digest of
# the policy and the hooks (A4).
version = 1

[inputs]
".agents/conf/hooks.toml" = "sha256:0c6cf193df2eb854ecb26a9da497b8ac542fda85576c9c080a72681905c3c48c"
".agents/conf/mcp.toml" = "sha256:13b52dc6be14108d1b67519dddbb405f63d5fe1903d6b5d733493f16fe1ee414"
".agents/conf/models/tom.toml" = "sha256:35487966e610da6714d8d954e2618b58d4e2623eee556aad6cd391728a69d146"
".agents/conf/policy.toml" = "sha256:f4fad1978dc9b2b6a5529a04c44a69559de1358da627f07fa2643d605a420bee"
".agents/conf/profiles/balanced.toml" = "sha256:7f5a0fb595fcc78cb26387983f57965d7417964b4d578ce73e439d41cc800395"
".agents/conf/profiles/fast.toml" = "sha256:26f5030943255c79a8606c1cbde6381fcfba6b6b9b13b21cb5988f68607fd5c2"
".agents/conf/profiles/strict.toml" = "sha256:38e3873248db923a2d295f13e373e60b5d547f4de1b9c9ed9fab9396019049eb"
".agents/conf/repo.toml" = "sha256:16544fa8a3c1a819002559da5c110cb7822691f983ddc6463b9951390e876596"
".agents/conf/roles/builder.toml" = "sha256:5052a486ab23f93974b23d47ab7d4bd2fa63115a7ab572814f739abf61931de3"
".agents/conf/roles/reviewer.toml" = "sha256:777cd58918ee638b75a265b9ed201e6aea334e92ae4c8a55bc7683346c352e4b"
".agents/conf/roles/scorekeeper.toml" = "sha256:b171ddc46987f58b0ef5507ddf3eeda3048ede03b6f37f910df4d1cc4b20cabf"
".agents/conf/roles/team-manager.toml" = "sha256:00aa83ea0a0ee3961c7c5691563c46c284a15acaa46f2c77537afa280288706d"
".agents/context/claude.md" = "sha256:3e4843f17195a3a7365718818779a12f296832ea235aa5bcd6b4c82e767e3ade"
".agents/templates/CLAUDE.md.j2" = "sha256:78c502040b4c45436b91c88952a2e4941b4c334f4a09de68c1d10055b9261c9c"
".agents/templates/claude-agent.md.j2" = "sha256:0ab46aa4cab5fa3445e5418527b2021a4c57cc628bf17e31b28279a79a2e5773"
".agents/utils/harness.py" = "sha256:3289a00458b40762e3b08a55083ea7406b7cf7ed67d51dffe0304ed49532a7a2"
"config.toml" = "sha256:f045fb8da8b688f99e85c01ea960364a84b1d77f1b0c0efc805b2d93b5fd84c9"

[outputs]
".claude/agents/builder.md" = "sha256:d9272b71febb20ecca2cd5fb4c0c2c587289d8c8f3ca855be9b96071b4263640"
".claude/agents/reviewer.md" = "sha256:3c1c5d2845287e05f03606df45ce2a0baf5872c376a3ce80fd980e04bdde71fb"
".claude/agents/scorekeeper.md" = "sha256:b6c797e2308f87763e715e6d42483f9514f0938578ddd3f52bf226a444b03e1d"
".claude/agents/team-manager.md" = "sha256:c4b6691d066a8d2d15151d5397dc909e91387495f5401367d5a82ca9ab97a792"
".claude/settings.json" = "sha256:f57f3c82086f3b8f9dc496a20e6f7204023080b251b82692d208161784e9e29a"
".codex/agents/builder.toml" = "sha256:a42b6a5bf62aed0e605b481a36123ba6320aca79930a7e4eef3c348f04997d4e"
".codex/agents/reviewer.toml" = "sha256:c69da1a3e7cb8dbf041f9a91e7fb2f616c19d03c56235d6ffa1a1585b2d01595"
".codex/agents/scorekeeper.toml" = "sha256:6d2ceb434571c996da8d1ed285c467d2b3f30b7f22248355b00817813efe43dc"
".codex/agents/team-manager.toml" = "sha256:98a69b5f35963f2c908bc4e93af2fe08b26bf02f7b089b45185ce374621b7fa7"
".codex/config.toml" = "sha256:fbbc05f9c5be610909d2b787d739566703d35fb3e2ec39eed61f7c3ed0e6e28d"
".codex/hooks.json" = "sha256:74277557c865b6019a87a946067263dc86793a137505e3da8bf11f01a2dd19ee"
"CLAUDE.md" = "sha256:7fb2ef17e018072ff013992f655087329e5147b3d6264365f736e8ac442e4b84"
